// !$*UTF8*$!
{
	archiveVersion = 1;
	classes = {
	};
	objectVersion = 50;
	objects = {

/* Begin PBXBuildFile section */
		A337DCBC266B440100C9B75D /* WeightApp.swift in Sources */ = {isa = PBXBuildFile; fileRef = A337DCBB266B440100C9B75D /* WeightApp.swift */; };
		A337DCBE266B440100C9B75D /* ContentView.swift in Sources */ = {isa = PBXBuildFile; fileRef = A337DCBD266B440100C9B75D /* ContentView.swift */; };
		A337DCC0266B440200C9B75D /* Assets.xcassets in Resources */ = {isa = PBXBuildFile; fileRef = A337DCBF266B440200C9B75D /* Assets.xcassets */; };
		A337DCC3266B440200C9B75D /* Preview Assets.xcassets in Resources */ = {isa = PBXBuildFile; fileRef = A337DCC2266B440200C9B75D /* Preview Assets.xcassets */; };
		A337DCC5266B440200C9B75D /* Persistence.swift in Sources */ = {isa = PBXBuildFile; fileRef = A337DCC4266B440200C9B75D /* Persistence.swift */; };
		A337DCC8266B440200C9B75D /* Weight.xcdatamodeld in Sources */ = {isa = PBXBuildFile; fileRef = A337DCC6266B440200C9B75D /* Weight.xcdatamodeld */; };
/* End PBXBuildFile section */

/* Begin PBXFileReference section */
		A337DCB8266B440100C9B75D /* Weight.app */ = {isa = PBXFileReference; explicitFileType = wrapper.application; includeInIndex = 0; path = Weight.app; sourceTree = BUILT_PRODUCTS_DIR; };
		A337DCBB266B440100C9B75D /* WeightApp.swift */ = {isa = PBXFileReference; lastKnownFileType = sourcecode.swift; path = WeightApp.swift; sourceTree = "<group>"; };
		A337DCBD266B440100C9B75D /* ContentView.swift */ = {isa = PBXFileReference; lastKnownFileType = sourcecode.swift; path = ContentView.swift; sourceTree = "<group>"; };
		A337DCBF266B440200C9B75D /* Assets.xcassets */ = {isa = PBXFileReference; lastKnownFileType = folder.assetcatalog; path = Assets.xcassets; sourceTree = "<group>"; };
		A337DCC2266B440200C9B75D /* Preview Assets.xcassets */ = {isa = PBXFileReference; lastKnownFileType = folder.assetcatalog; path = "Preview Assets.xcassets"; sourceTree = "<group>"; };
		A337DCC4266B440200C9B75D /* Persistence.swift */ = {isa = PBXFileReference; lastKnownFileType = sourcecode.swift; path = Persistence.swift; sourceTree = "<group>"; };
		A337DCC7266B440200C9B75D /* Weight.xcdatamodel */ = {isa = PBXFileReference; lastKnownFileType = wrapper.xcdatamodel; path = Weight.xcdatamodel; sourceTree = "<group>"; };
		A337DCC9266B440200C9B75D /* Info.plist */ = {isa = PBXFileReference; lastKnownFileType = text.plist.xml; path = Info.plist; sourceTree = "<group>"; };
/* End PBXFileReference section */

/* Begin PBXFrameworksBuildPhase section */
		A337DCB5266B440100C9B75D /* Frameworks */ = {
			isa = PBXFrameworksBuildPhase;
			buildActionMask = 2147483647;
			files = (
			);
			runOnlyForDeploymentPostprocessing = 0;
		};
/* End PBXFrameworksBuildPhase section */

/* Begin PBXGroup section */
		A337DCAF266B440100C9B75D = {
			isa = PBXGroup;
			children = (
				A337DCBA266B440100C9B75D /* Weight */,
				A337DCB9266B440100C9B75D /* Products */,
			);
			sourceTree = "<group>";
		};
		A337DCB9266B440100C9B75D /* Products */ = {
			isa = PBXGroup;
			children = (
				A337DCB8266B440100C9B75D /* Weight.app */,
			);
			name = Products;
			sourceTree = "<group>";
		};
		A337DCBA266B440100C9B75D /* Weight */ = {
			isa = PBXGroup;
			children = (
				A337DCBB266B440100C9B75D /* WeightApp.swift */,
				A337DCBD266B440100C9B75D /* ContentView.swift */,
				A337DCBF266B440200C9B75D /* Assets.xcassets */,
				A337DCC4266B440200C9B75D /* Persistence.swift */,
				A337DCC9266B440200C9B75D /* Info.plist */,
				A337DCC6266B440200C9B75D /* Weight.xcdatamodeld */,
				A337DCC1266B440200C9B75D /* Preview Content */,
			);
			path = Weight;
			sourceTree = "<group>";
		};
		A337DCC1266B440200C9B75D /* Preview Content */ = {
			isa = PBXGroup;
			children = (
				A337DCC2266B440200C9B75D /* Preview Assets.xcassets */,
			);
			path = "Preview Content";
			sourceTree = "<group>";
		};
/* End PBXGroup section */

/* Begin PBXNativeTarget section */
		A337DCB7266B440100C9B75D /* Weight */ = {
			isa = PBXNativeTarget;
			buildConfigurationList = A337DCCC266B440200C9B75D /* Build configuration list for PBXNativeTarget "Weight" */;
			buildPhases = (
				A337DCB4266B440100C9B75D /* Sources */,
				A337DCB5266B440100C9B75D /* Frameworks */,
				A337DCB6266B440100C9B75D /* Resources */,
			);
			buildRules = (
			);
			dependencies = (
			);
			name = Weight;
			productName = Weight;
			productReference = A337DCB8266B440100C9B75D /* Weight.app */;
			productType = "com.apple.product-type.application";
		};
/* End PBXNativeTarget section */

/* Begin PBXProject section */
		A337DCB0266B440100C9B75D /* Project object */ = {
			isa = PBXProject;
			attributes = {
				LastSwiftUpdateCheck = 1250;
				LastUpgradeCheck = 1250;
				TargetAttributes = {
					A337DCB7266B440100C9B75D = {
						CreatedOnToolsVersion = 12.5;
					};
				};
			};
			buildConfigurationList = A337DCB3266B440100C9B75D /* Build configuration list for PBXProject "Weight" */;
			compatibilityVersion = "Xcode 9.3";
			developmentRegion = en;
			hasScannedForEncodings = 0;
			knownRegions = (
				en,
				Base,
			);
			mainGroup = A337DCAF266B440100C9B75D;
			productRefGroup = A337DCB9266B440100C9B75D /* Products */;
			projectDirPath = "";
			projectRoot = "";
			targets = (
				A337DCB7266B440100C9B75D /* Weight */,
			);
		};
/* End PBXProject section */

/* Begin PBXResourcesBuildPhase section */
		A337DCB6266B440100C9B75D /* Resources */ = {
			isa = PBXResourcesBuildPhase;
			buildActionMask = 2147483647;
			files = (
				A337DCC3266B440200C9B75D /* Preview Assets.xcassets in Resources */,
				A337DCC0266B440200C9B75D /* Assets.xcassets in Resources */,
			);
			runOnlyForDeploymentPostprocessing = 0;
		};
/* End PBXResourcesBuildPhase section */

/* Begin PBXSourcesBuildPhase section */
		A337DCB4266B440100C9B75D /* Sources */ = {
			isa = PBXSourcesBuildPhase;
			buildActionMask = 2147483647;
			files = (
				A337DCC5266B440200C9B75D /* Persistence.swift in Sources */,
				A337DCBE266B440100C9B75D /* ContentView.swift in Sources */,
				A337DCBC266B440100C9B75D /* WeightApp.swift in Sources */,
				A337DCC8266B440200C9B75D /* Weight.xcdatamodeld in Sources */,
			);
			runOnlyForDeploymentPostprocessing = 0;
		};
/* End PBXSourcesBuildPhase section */

/* Begin XCBuildConfiguration section */
		A337DCCA266B440200C9B75D /* Debug */ = {
			isa = XCBuildConfiguration;
			buildSettings = {
				ALWAYS_SEARCH_USER_PATHS = NO;
				CLANG_ANALYZER_NONNULL = YES;
				CLANG_ANALYZER_NUMBER_OBJECT_CONVERSION = YES_AGGRESSIVE;
				CLANG_CXX_LANGUAGE_STANDARD = "gnu++14";
				CLANG_CXX_LIBRARY = "libc++";
				CLANG_ENABLE_MODULES = YES;
				CLANG_ENABLE_OBJC_ARC = YES;
				CLANG_ENABLE_OBJC_WEAK = YES;
				CLANG_WARN_BLOCK_CAPTURE_AUTORELEASING = YES;
				CLANG_WARN_BOOL_CONVERSION = YES;
				CLANG_WARN_COMMA = YES;
				CLANG_WARN_CONSTANT_CONVERSION = YES;
				CLANG_WARN_DEPRECATED_OBJC_IMPLEMENTATIONS = YES;
				CLANG_WARN_DIRECT_OBJC_ISA_USAGE = YES_ERROR;
				CLANG_WARN_DOCUMENTATION_COMMENTS = YES;
				CLANG_WARN_EMPTY_BODY = YES;
				CLANG_WARN_ENUM_CONVERSION = YES;
				CLANG_WARN_INFINITE_RECURSION = YES;
				CLANG_WARN_INT_CONVERSION = YES;
				CLANG_WARN_NON_LITERAL_NULL_CONVERSION = YES;
				CLANG_WARN_OBJC_IMPLICIT_RETAIN_SELF = YES;
				CLANG_WARN_OBJC_LITERAL_CONVERSION = YES;
				CLANG_WARN_OBJC_ROOT_CLASS = YES_ERROR;
				CLANG_WARN_QUOTED_INCLUDE_IN_FRAMEWORK_HEADER = YES;
				CLANG_WARN_RANGE_LOOP_ANALYSIS = YES;
				CLANG_WARN_STRICT_PROTOTYPES = YES;
				CLANG_WARN_SUSPICIOUS_MOVE = YES;
				CLANG_WARN_UNGUARDED_AVAILABILITY = YES_AGGRESSIVE;
				CLANG_WARN_UNREACHABLE_CODE = YES;
				CLANG_WARN__DUPLICATE_METHOD_MATCH = YES;
				COPY_PHASE_STRIP = NO;
				DEBUG_INFORMATION_FORMAT = dwarf;
				ENABLE_STRICT_OBJC_MSGSEND = YES;
				ENABLE_TESTABILITY = YES;
				GCC_C_LANGUAGE_STANDARD = gnu11;
				GCC_DYNAMIC_NO_PIC = NO;
				GCC_NO_COMMON_BLOCKS = YES;
				GCC_OPTIMIZATION_LEVEL = 0;
				GCC_PREPROCESSOR_DEFINITIONS = (
					"DEBUG=1",
					"$(inherited)",
				);
				GCC_WARN_64_TO_32_BIT_CONVERSION = YES;
				GCC_WARN_ABOUT_RETURN_TYPE = YES_ERROR;
				GCC_WARN_UNDECLARED_SELECTOR = YES;
				GCC_WARN_UNINITIALIZED_AUTOS = YES_AGGRESSIVE;
				GCC_WARN_UNUSED_FUNCTION = YES;
				GCC_WARN_UNUSED_VARIABLE = YES;
				IPHONEOS_DEPLOYMENT_TARGET = 14.5;
				MTL_ENABLE_DEBUG_INFO = INCLUDE_SOURCE;
				MTL_FAST_MATH = YES;
				ONLY_ACTIVE_ARCH = YES;
				SDKROOT = iphoneos;
				SWIFT_ACTIVE_COMPILATION_CONDITIONS = DEBUG;
				SWIFT_OPTIMIZATION_LEVEL = "-Onone";
			};
			name = Debug;
		};
		A337DCCB266B440200C9B75D /* Release */ = {
			isa = XCBuildConfiguration;
			buildSettings = {
				ALWAYS_SEARCH_USER_PATHS = NO;
				CLANG_ANALYZER_NONNULL = YES;
				CLANG_ANALYZER_NUMBER_OBJECT_CONVERSION = YES_AGGRESSIVE;
				CLANG_CXX_LANGUAGE_STANDARD = "gnu++14";
				CLANG_CXX_LIBRARY = "libc++";
				CLANG_ENABLE_MODULES = YES;
				CLANG_ENABLE_OBJC_ARC = YES;
				CLANG_ENABLE_OBJC_WEAK = YES;
				CLANG_WARN_BLOCK_CAPTURE_AUTORELEASING = YES;
				CLANG_WARN_BOOL_CONVERSION = YES;
				CLANG_WARN_COMMA = YES;
				CLANG_WARN_CONSTANT_CONVERSION = YES;
				CLANG_WARN_DEPRECATED_OBJC_IMPLEMENTATIONS = YES;
				CLANG_WARN_DIRECT_OBJC_ISA_USAGE = YES_ERROR;
				CLANG_WARN_DOCUMENTATION_COMMENTS = YES;
				CLANG_WARN_EMPTY_BODY = YES;
				CLANG_WARN_ENUM_CONVERSION = YES;
				CLANG_WARN_INFINITE_RECURSION = YES;
				CLANG_WARN_INT_CONVERSION = YES;
				CLANG_WARN_NON_LITERAL_NULL_CONVERSION = YES;
				CLANG_WARN_OBJC_IMPLICIT_RETAIN_SELF = YES;
				CLANG_WARN_OBJC_LITERAL_CONVERSION = YES;
				CLANG_WARN_OBJC_ROOT_CLASS = YES_ERROR;
				CLANG_WARN_QUOTED_INCLUDE_IN_FRAMEWORK_HEADER = YES;
				CLANG_WARN_RANGE_LOOP_ANALYSIS = YES;
				CLANG_WARN_STRICT_PROTOTYPES = YES;
				CLANG_WARN_SUSPICIOUS_MOVE = YES;
				CLANG_WARN_UNGUARDED_AVAILABILITY = YES_AGGRESSIVE;
				CLANG_WARN_UNREACHABLE_CODE = YES;
				CLANG_WARN__DUPLICATE_METHOD_MATCH = YES;
				COPY_PHASE_STRIP = NO;
				DEBUG_INFORMATION_FORMAT = "dwarf-with-dsym";
				ENABLE_NS_ASSERTIONS = NO;
				ENABLE_STRICT_OBJC_MSGSEND = YES;
				GCC_C_LANGUAGE_STANDARD = gnu11;
				GCC_NO_COMMON_BLOCKS = YES;
				GCC_WARN_64_TO_32_BIT_CONVERSION = YES;
				GCC_WARN_ABOUT_RETURN_TYPE = YES_ERROR;
				GCC_WARN_UNDECLARED_SELECTOR = YES;
				GCC_WARN_UNINITIALIZED_AUTOS = YES_AGGRESSIVE;
				GCC_WARN_UNUSED_FUNCTION = YES;
				GCC_WARN_UNUSED_VARIABLE = YES;
				IPHONEOS_DEPLOYMENT_TARGET = 14.5;
				MTL_ENABLE_DEBUG_INFO = NO;
				MTL_FAST_MATH = YES;
				SDKROOT = iphoneos;
				SWIFT_COMPILATION_MODE = wholemodule;
				SWIFT_OPTIMIZATION_LEVEL = "-O";
				VALIDATE_PRODUCT = YES;
			};
			name = Release;
		};
		A337DCCD266B440200C9B75D /* Debug */ = {
			isa = XCBuildConfiguration;
			buildSettings = {
				ASSETCATALOG_COMPILER_APPICON_NAME = AppIcon;
				ASSETCATALOG_COMPILER_GLOBAL_ACCENT_COLOR_NAME = AccentColor;
				CODE_SIGN_STYLE = Automatic;
				DEVELOPMENT_ASSET_PATHS = "\"Weight/Preview Content\"";
				DEVELOPMENT_TEAM = CHKKL3F5MG;
				ENABLE_PREVIEWS = YES;
				INFOPLIST_FILE = Weight/Info.plist;
				IPHONEOS_DEPLOYMENT_TARGET = 14.0;
				LD_RUNPATH_SEARCH_PATHS = (
					"$(inherited)",
					"@executable_path/Frameworks",
				);
				PRODUCT_BUNDLE_IDENTIFIER = com.ccooddiinngg.Weight;
				PRODUCT_NAME = "$(TARGET_NAME)";
				SWIFT_VERSION = 5.0;
				TARGETED_DEVICE_FAMILY = "1,2";
			};
			name = Debug;
		};
		A337DCCE266B440200C9B75D /* Release */ = {
			isa = XCBuildConfiguration;
			buildSettings = {
				ASSETCATALOG_COMPILER_APPICON_NAME = AppIcon;
				ASSETCATALOG_COMPILER_GLOBAL_ACCENT_COLOR_NAME = AccentColor;
				CODE_SIGN_STYLE = Automatic;
				DEVELOPMENT_ASSET_PATHS = "\"Weight/Preview Content\"";
				DEVELOPMENT_TEAM = CHKKL3F5MG;
				ENABLE_PREVIEWS = YES;
				INFOPLIST_FILE = Weight/Info.plist;
				IPHONEOS_DEPLOYMENT_TARGET = 14.0;
				LD_RUNPATH_SEARCH_PATHS = (
					"$(inherited)",
					"@executable_path/Frameworks",
				);
				PRODUCT_BUNDLE_IDENTIFIER = com.ccooddiinngg.Weight;
				PRODUCT_NAME = "$(TARGET_NAME)";
				SWIFT_VERSION = 5.0;
				TARGETED_DEVICE_FAMILY = "1,2";
			};
			name = Release;
		};
/* End XCBuildConfiguration section */

/* Begin XCConfigurationList section */
		A337DCB3266B440100C9B75D /* Build configuration list for PBXProject "Weight" */ = {
			isa = XCConfigurationList;
			buildConfigurations = (
				A337DCCA266B440200C9B75D /* Debug */,
				A337DCCB266B440200C9B75D /* Release */,
			);
			defaultConfigurationIsVisible = 0;
			defaultConfigurationName = Release;
		};
		A337DCCC266B440200C9B75D /* Build configuration list for PBXNativeTarget "Weight" */ = {
			isa = XCConfigurationList;
			buildConfigurations = (
				A337DCCD266B440200C9B75D /* Debug */,
				A337DCCE266B440200C9B75D /* Release */,
			);
			defaultConfigurationIsVisible = 0;
			defaultConfigurationName = Release;
		};
/* End XCConfigurationList section */

/* Begin XCVersionGroup section */
		A337DCC6266B440200C9B75D /* Weight.xcdatamodeld */ = {
			isa = XCVersionGroup;
			children = (
				A337DCC7266B440200C9B75D /* Weight.xcdatamodel */,
			);
			currentVersion = A337DCC7266B440200C9B75D /* Weight.xcdatamodel */;
			path = Weight.xcdatamodeld;
			sourceTree = "<group>";
			versionGroupType = wrapper.xcdatamodel;
		};
/* End XCVersionGroup section */
	};
	rootObject = A337DCB0266B440100C9B75D /* Project object */;
}
